
Microsoft Visual Studio Solution File, Format Version 12.00
# Visual Studio Version 17
VisualStudioVersion = 17.11.35327.3
MinimumVisualStudioVersion = 10.0.40219.1
Project("{9A19103F-16F7-4668-BE54-9A1E7A4F7556}") = "MainWeb.Repositories", "MainWeb.Repositories\MainWeb.Repositories.csproj", "{6CB5EB2E-30F6-45C7-A060-FCE4919C9ED7}"
EndProject
Project("{9A19103F-16F7-4668-BE54-9A1E7A4F7556}") = "MainWeb.Service", "MainWeb.Service\MainWeb.Service.csproj", "{1079C238-955D-429A-AA22-A0F3EFD17530}"
EndProject
Project("{FAE04EC0-301F-11D3-BF4B-00C04F79EFBC}") = "_WebApplication", "_WebApplication\_WebApplication.csproj", "{6D55D5B9-776A-4006-B5F0-F8ABA57EE8BC}"
EndProject
Global
	GlobalSection(SolutionConfigurationPlatforms) = preSolution
		Debug|Any CPU = Debug|Any CPU
		Release|Any CPU = Release|Any CPU
	EndGlobalSection
	GlobalSection(ProjectConfigurationPlatforms) = postSolution
		{6CB5EB2E-30F6-45C7-A060-FCE4919C9ED7}.Debug|Any CPU.ActiveCfg = Debug|Any CPU
		{6CB5EB2E-30F6-45C7-A060-FCE4919C9ED7}.Debug|Any CPU.Build.0 = Debug|Any CPU
		{6CB5EB2E-30F6-45C7-A060-FCE4919C9ED7}.Release|Any CPU.ActiveCfg = Release|Any CPU
		{6CB5EB2E-30F6-45C7-A060-FCE4919C9ED7}.Release|Any CPU.Build.0 = Release|Any CPU
		{1079C238-955D-429A-AA22-A0F3EFD17530}.Debug|Any CPU.ActiveCfg = Debug|Any CPU
		{1079C238-955D-429A-AA22-A0F3EFD17530}.Debug|Any CPU.Build.0 = Debug|Any CPU
		{1079C238-955D-429A-AA22-A0F3EFD17530}.Release|Any CPU.ActiveCfg = Release|Any CPU
		{1079C238-955D-429A-AA22-A0F3EFD17530}.Release|Any CPU.Build.0 = Release|Any CPU
		{6D55D5B9-776A-4006-B5F0-F8ABA57EE8BC}.Debug|Any CPU.ActiveCfg = Debug|Any CPU
		{6D55D5B9-776A-4006-B5F0-F8ABA57EE8BC}.Debug|Any CPU.Build.0 = Debug|Any CPU
		{6D55D5B9-776A-4006-B5F0-F8ABA57EE8BC}.Release|Any CPU.ActiveCfg = Release|Any CPU
		{6D55D5B9-776A-4006-B5F0-F8ABA57EE8BC}.Release|Any CPU.Build.0 = Release|Any CPU
	EndGlobalSection
	GlobalSection(SolutionProperties) = preSolution
		HideSolutionNode = FALSE
	EndGlobalSection
	GlobalSection(ExtensibilityGlobals) = postSolution
		SolutionGuid = {3B246559-701A-4EFC-BC67-60D5AB1C1333}
	EndGlobalSection
EndGlobal
