
Microsoft Visual Studio Solution File, Format Version 12.00
# Visual Studio Version 17
VisualStudioVersion = 17.11.35327.3
MinimumVisualStudioVersion = 10.0.40219.1
Project("{9A19103F-16F7-4668-BE54-9A1E7A4F7556}") = "MainSite.WebApplication", "MainSite.WebApplication\MainSite.WebApplication.csproj", "{A13781BF-CA7E-4D48-9076-7949B22CF7D9}"
EndProject
Project("{9A19103F-16F7-4668-BE54-9A1E7A4F7556}") = "MainSite.Service", "MainSite.Service\MainSite.Service.csproj", "{8EB991A8-5C0D-4C2B-ABBF-D5B035582A79}"
EndProject
Project("{9A19103F-16F7-4668-BE54-9A1E7A4F7556}") = "MainSite.Repositories", "MainSite.Repositories\MainSite.Repositories.csproj", "{6C850A83-3BC7-4A9A-8A0C-0442CDC0475C}"
EndProject
Global
	GlobalSection(SolutionConfigurationPlatforms) = preSolution
		Debug|Any CPU = Debug|Any CPU
		Release|Any CPU = Release|Any CPU
	EndGlobalSection
	GlobalSection(ProjectConfigurationPlatforms) = postSolution
		{A13781BF-CA7E-4D48-9076-7949B22CF7D9}.Debug|Any CPU.ActiveCfg = Debug|Any CPU
		{A13781BF-CA7E-4D48-9076-7949B22CF7D9}.Debug|Any CPU.Build.0 = Debug|Any CPU
		{A13781BF-CA7E-4D48-9076-7949B22CF7D9}.Release|Any CPU.ActiveCfg = Release|Any CPU
		{A13781BF-CA7E-4D48-9076-7949B22CF7D9}.Release|Any CPU.Build.0 = Release|Any CPU
		{8EB991A8-5C0D-4C2B-ABBF-D5B035582A79}.Debug|Any CPU.ActiveCfg = Debug|Any CPU
		{8EB991A8-5C0D-4C2B-ABBF-D5B035582A79}.Debug|Any CPU.Build.0 = Debug|Any CPU
		{8EB991A8-5C0D-4C2B-ABBF-D5B035582A79}.Release|Any CPU.ActiveCfg = Release|Any CPU
		{8EB991A8-5C0D-4C2B-ABBF-D5B035582A79}.Release|Any CPU.Build.0 = Release|Any CPU
		{6C850A83-3BC7-4A9A-8A0C-0442CDC0475C}.Debug|Any CPU.ActiveCfg = Debug|Any CPU
		{6C850A83-3BC7-4A9A-8A0C-0442CDC0475C}.Debug|Any CPU.Build.0 = Debug|Any CPU
		{6C850A83-3BC7-4A9A-8A0C-0442CDC0475C}.Release|Any CPU.ActiveCfg = Release|Any CPU
		{6C850A83-3BC7-4A9A-8A0C-0442CDC0475C}.Release|Any CPU.Build.0 = Release|Any CPU
	EndGlobalSection
	GlobalSection(SolutionProperties) = preSolution
		HideSolutionNode = FALSE
	EndGlobalSection
	GlobalSection(ExtensibilityGlobals) = postSolution
		SolutionGuid = {7A5E36E8-046A-4106-B3D7-F6E9AE6AFA2C}
	EndGlobalSection
EndGlobal
